
Microsoft Visual Studio Solution File, Format Version 12.00
# Visual Studio Version 17
VisualStudioVersion = 17.2.32602.215
MinimumVisualStudioVersion = 10.0.40219.1
Project("{2150E333-8FDC-42A3-9474-1A3956D46DE8}") = "test", "test", "{9DCB4511-9886-46FB-9CA1-C0DAE034A68A}"
EndProject
Project("{9A19103F-16F7-4668-BE54-9A1E7A4F7556}") = "TreeStore.JsonFS.Test", "test\TreeStore.JsonFS.Test\TreeStore.JsonFS.Test.csproj", "{407241AF-4349-4FDD-961F-831FF93DAC97}"
EndProject
Project("{2150E333-8FDC-42A3-9474-1A3956D46DE8}") = "src", "src", "{B06158DD-BBCB-4858-BEF6-A5B7B2938871}"
EndProject
Project("{9A19103F-16F7-4668-BE54-9A1E7A4F7556}") = "TreeStore.JsonFS", "src\TreeStore.JsonFS\TreeStore.JsonFS.csproj", "{C73FD3AD-B03E-437C-BE88-2207B3314590}"
EndProject
Project("{2150E333-8FDC-42A3-9474-1A3956D46DE8}") = "Solution Items", "Solution Items", "{B3FABB1A-31B5-4A20-A858-C0C6026EC183}"
	ProjectSection(SolutionItems) = preProject
		README.md = README.md
		roadmap\README.md = roadmap\README.md
	EndProjectSection
EndProject
Global
	GlobalSection(SolutionConfigurationPlatforms) = preSolution
		Debug|Any CPU = Debug|Any CPU
		Release|Any CPU = Release|Any CPU
	EndGlobalSection
	GlobalSection(ProjectConfigurationPlatforms) = postSolution
		{407241AF-4349-4FDD-961F-831FF93DAC97}.Debug|Any CPU.ActiveCfg = Debug|Any CPU
		{407241AF-4349-4FDD-961F-831FF93DAC97}.Debug|Any CPU.Build.0 = Debug|Any CPU
		{407241AF-4349-4FDD-961F-831FF93DAC97}.Release|Any CPU.ActiveCfg = Release|Any CPU
		{407241AF-4349-4FDD-961F-831FF93DAC97}.Release|Any CPU.Build.0 = Release|Any CPU
		{C73FD3AD-B03E-437C-BE88-2207B3314590}.Debug|Any CPU.ActiveCfg = Debug|Any CPU
		{C73FD3AD-B03E-437C-BE88-2207B3314590}.Debug|Any CPU.Build.0 = Debug|Any CPU
		{C73FD3AD-B03E-437C-BE88-2207B3314590}.Release|Any CPU.ActiveCfg = Release|Any CPU
		{C73FD3AD-B03E-437C-BE88-2207B3314590}.Release|Any CPU.Build.0 = Release|Any CPU
	EndGlobalSection
	GlobalSection(SolutionProperties) = preSolution
		HideSolutionNode = FALSE
	EndGlobalSection
	GlobalSection(NestedProjects) = preSolution
		{407241AF-4349-4FDD-961F-831FF93DAC97} = {9DCB4511-9886-46FB-9CA1-C0DAE034A68A}
		{C73FD3AD-B03E-437C-BE88-2207B3314590} = {B06158DD-BBCB-4858-BEF6-A5B7B2938871}
	EndGlobalSection
	GlobalSection(ExtensibilityGlobals) = postSolution
		SolutionGuid = {1CD9D6B9-7534-4550-9103-FEA32C8D69E0}
	EndGlobalSection
EndGlobal
